
Microsoft Visual Studio Solution File, Format Version 12.00
# Visual Studio Version 17
VisualStudioVersion = 17.6.33801.468
MinimumVisualStudioVersion = 10.0.40219.1
Project("{FAE04EC0-301F-11D3-BF4B-00C04F79EFBC}") = "ASP.NET_Web_App_NetFramework_1", "ASP.NET_Web_App_NetFramework_1\ASP.NET_Web_App_NetFramework_1.csproj", "{4267DD73-E0D3-49F2-9C8D-D34586309F4E}"
EndProject
Global
	GlobalSection(SolutionConfigurationPlatforms) = preSolution
		Debug|Any CPU = Debug|Any CPU
		Release|Any CPU = Release|Any CPU
	EndGlobalSection
	GlobalSection(ProjectConfigurationPlatforms) = postSolution
		{4267DD73-E0D3-49F2-9C8D-D34586309F4E}.Debug|Any CPU.ActiveCfg = Debug|Any CPU
		{4267DD73-E0D3-49F2-9C8D-D34586309F4E}.Debug|Any CPU.Build.0 = Debug|Any CPU
		{4267DD73-E0D3-49F2-9C8D-D34586309F4E}.Release|Any CPU.ActiveCfg = Release|Any CPU
		{4267DD73-E0D3-49F2-9C8D-D34586309F4E}.Release|Any CPU.Build.0 = Release|Any CPU
	EndGlobalSection
	GlobalSection(SolutionProperties) = preSolution
		HideSolutionNode = FALSE
	EndGlobalSection
	GlobalSection(ExtensibilityGlobals) = postSolution
		SolutionGuid = {F4D970F1-3C5F-4CFB-9139-7507BD436AFE}
	EndGlobalSection
EndGlobal
